
Microsoft Visual Studio Solution File, Format Version 12.00
# Visual Studio 2013
VisualStudioVersion = 12.0.21005.1
MinimumVisualStudioVersion = 10.0.40219.1
Project("{FAE04EC0-301F-11D3-BF4B-00C04F79EFBC}") = "Ingest Assistant", "VipLiner Control\Ingest Assistant.csproj", "{CD2C3B42-C4BE-4AE7-8CB2-3EA4C5768021}"
EndProject
Project("{FAE04EC0-301F-11D3-BF4B-00C04F79EFBC}") = "Ingest Administrator", "Ingest Administrator\Ingest Administrator.csproj", "{CEA7B3F6-D1F5-459E-B6C2-AF5519A688B6}"
EndProject
Project("{FAE04EC0-301F-11D3-BF4B-00C04F79EFBC}") = "server test", "server test\server test.csproj", "{F65C267E-7440-414D-ACDE-72AD34A17284}"
EndProject
Project("{FAE04EC0-301F-11D3-BF4B-00C04F79EFBC}") = "ASM Assistant", "ASM Assistant\ASM Assistant.csproj", "{F17B720C-1382-4EFE-88E8-38C694A49DF0}"
EndProject
Project("{FAE04EC0-301F-11D3-BF4B-00C04F79EFBC}") = "XML_Editor", "XML_Editor\XML_Editor.csproj", "{49959307-AFE7-46CF-89B3-FD3253C58EFD}"
EndProject
Project("{FAE04EC0-301F-11D3-BF4B-00C04F79EFBC}") = "Ingest  Raport Maker", "Ingest  Raport Maker\Ingest  Raport Maker.csproj", "{BC4F8985-3B01-4C03-8482-30545157C2C3}"
EndProject
Project("{FAE04EC0-301F-11D3-BF4B-00C04F79EFBC}") = "Server_Manager", "Server_Manager\Server_Manager.csproj", "{7DC4242E-EB71-49D2-B5E1-B9424F989442}"
EndProject
Global
	GlobalSection(SolutionConfigurationPlatforms) = preSolution
		CD_ROM|Any CPU = CD_ROM|Any CPU
		CD_ROM|Mixed Platforms = CD_ROM|Mixed Platforms
		CD_ROM|x86 = CD_ROM|x86
		Debug|Any CPU = Debug|Any CPU
		Debug|Mixed Platforms = Debug|Mixed Platforms
		Debug|x86 = Debug|x86
		DVD-5|Any CPU = DVD-5|Any CPU
		DVD-5|Mixed Platforms = DVD-5|Mixed Platforms
		DVD-5|x86 = DVD-5|x86
		Release|Any CPU = Release|Any CPU
		Release|Mixed Platforms = Release|Mixed Platforms
		Release|x86 = Release|x86
		SingleImage|Any CPU = SingleImage|Any CPU
		SingleImage|Mixed Platforms = SingleImage|Mixed Platforms
		SingleImage|x86 = SingleImage|x86
	EndGlobalSection
	GlobalSection(ProjectConfigurationPlatforms) = postSolution
		{CD2C3B42-C4BE-4AE7-8CB2-3EA4C5768021}.CD_ROM|Any CPU.ActiveCfg = Release|x86
		{CD2C3B42-C4BE-4AE7-8CB2-3EA4C5768021}.CD_ROM|Mixed Platforms.ActiveCfg = Release|x86
		{CD2C3B42-C4BE-4AE7-8CB2-3EA4C5768021}.CD_ROM|Mixed Platforms.Build.0 = Release|x86
		{CD2C3B42-C4BE-4AE7-8CB2-3EA4C5768021}.CD_ROM|x86.ActiveCfg = Release|x86
		{CD2C3B42-C4BE-4AE7-8CB2-3EA4C5768021}.CD_ROM|x86.Build.0 = Release|x86
		{CD2C3B42-C4BE-4AE7-8CB2-3EA4C5768021}.Debug|Any CPU.ActiveCfg = Debug|x86
		{CD2C3B42-C4BE-4AE7-8CB2-3EA4C5768021}.Debug|Mixed Platforms.ActiveCfg = Debug|x86
		{CD2C3B42-C4BE-4AE7-8CB2-3EA4C5768021}.Debug|Mixed Platforms.Build.0 = Debug|x86
		{CD2C3B42-C4BE-4AE7-8CB2-3EA4C5768021}.Debug|x86.ActiveCfg = Debug|x86
		{CD2C3B42-C4BE-4AE7-8CB2-3EA4C5768021}.Debug|x86.Build.0 = Debug|x86
		{CD2C3B42-C4BE-4AE7-8CB2-3EA4C5768021}.DVD-5|Any CPU.ActiveCfg = Debug|x86
		{CD2C3B42-C4BE-4AE7-8CB2-3EA4C5768021}.DVD-5|Mixed Platforms.ActiveCfg = Debug|x86
		{CD2C3B42-C4BE-4AE7-8CB2-3EA4C5768021}.DVD-5|Mixed Platforms.Build.0 = Debug|x86
		{CD2C3B42-C4BE-4AE7-8CB2-3EA4C5768021}.DVD-5|x86.ActiveCfg = Debug|x86
		{CD2C3B42-C4BE-4AE7-8CB2-3EA4C5768021}.DVD-5|x86.Build.0 = Debug|x86
		{CD2C3B42-C4BE-4AE7-8CB2-3EA4C5768021}.Release|Any CPU.ActiveCfg = Release|x86
		{CD2C3B42-C4BE-4AE7-8CB2-3EA4C5768021}.Release|Mixed Platforms.ActiveCfg = Release|x86
		{CD2C3B42-C4BE-4AE7-8CB2-3EA4C5768021}.Release|Mixed Platforms.Build.0 = Release|x86
		{CD2C3B42-C4BE-4AE7-8CB2-3EA4C5768021}.Release|x86.ActiveCfg = Release|x86
		{CD2C3B42-C4BE-4AE7-8CB2-3EA4C5768021}.Release|x86.Build.0 = Release|x86
		{CD2C3B42-C4BE-4AE7-8CB2-3EA4C5768021}.SingleImage|Any CPU.ActiveCfg = Release|x86
		{CD2C3B42-C4BE-4AE7-8CB2-3EA4C5768021}.SingleImage|Mixed Platforms.ActiveCfg = Release|x86
		{CD2C3B42-C4BE-4AE7-8CB2-3EA4C5768021}.SingleImage|Mixed Platforms.Build.0 = Release|x86
		{CD2C3B42-C4BE-4AE7-8CB2-3EA4C5768021}.SingleImage|x86.ActiveCfg = Release|x86
		{CD2C3B42-C4BE-4AE7-8CB2-3EA4C5768021}.SingleImage|x86.Build.0 = Release|x86
		{CEA7B3F6-D1F5-459E-B6C2-AF5519A688B6}.CD_ROM|Any CPU.ActiveCfg = Release|x86
		{CEA7B3F6-D1F5-459E-B6C2-AF5519A688B6}.CD_ROM|Mixed Platforms.ActiveCfg = Release|x86
		{CEA7B3F6-D1F5-459E-B6C2-AF5519A688B6}.CD_ROM|Mixed Platforms.Build.0 = Release|x86
		{CEA7B3F6-D1F5-459E-B6C2-AF5519A688B6}.CD_ROM|x86.ActiveCfg = Release|x86
		{CEA7B3F6-D1F5-459E-B6C2-AF5519A688B6}.CD_ROM|x86.Build.0 = Release|x86
		{CEA7B3F6-D1F5-459E-B6C2-AF5519A688B6}.Debug|Any CPU.ActiveCfg = Debug|x86
		{CEA7B3F6-D1F5-459E-B6C2-AF5519A688B6}.Debug|Mixed Platforms.ActiveCfg = Debug|x86
		{CEA7B3F6-D1F5-459E-B6C2-AF5519A688B6}.Debug|Mixed Platforms.Build.0 = Debug|x86
		{CEA7B3F6-D1F5-459E-B6C2-AF5519A688B6}.Debug|x86.ActiveCfg = Debug|x86
		{CEA7B3F6-D1F5-459E-B6C2-AF5519A688B6}.Debug|x86.Build.0 = Debug|x86
		{CEA7B3F6-D1F5-459E-B6C2-AF5519A688B6}.DVD-5|Any CPU.ActiveCfg = Debug|x86
		{CEA7B3F6-D1F5-459E-B6C2-AF5519A688B6}.DVD-5|Mixed Platforms.ActiveCfg = Debug|x86
		{CEA7B3F6-D1F5-459E-B6C2-AF5519A688B6}.DVD-5|Mixed Platforms.Build.0 = Debug|x86
		{CEA7B3F6-D1F5-459E-B6C2-AF5519A688B6}.DVD-5|x86.ActiveCfg = Debug|x86
		{CEA7B3F6-D1F5-459E-B6C2-AF5519A688B6}.DVD-5|x86.Build.0 = Debug|x86
		{CEA7B3F6-D1F5-459E-B6C2-AF5519A688B6}.Release|Any CPU.ActiveCfg = Release|x86
		{CEA7B3F6-D1F5-459E-B6C2-AF5519A688B6}.Release|Mixed Platforms.ActiveCfg = Release|x86
		{CEA7B3F6-D1F5-459E-B6C2-AF5519A688B6}.Release|Mixed Platforms.Build.0 = Release|x86
		{CEA7B3F6-D1F5-459E-B6C2-AF5519A688B6}.Release|x86.ActiveCfg = Release|x86
		{CEA7B3F6-D1F5-459E-B6C2-AF5519A688B6}.Release|x86.Build.0 = Release|x86
		{CEA7B3F6-D1F5-459E-B6C2-AF5519A688B6}.SingleImage|Any CPU.ActiveCfg = Release|x86
		{CEA7B3F6-D1F5-459E-B6C2-AF5519A688B6}.SingleImage|Mixed Platforms.ActiveCfg = Release|x86
		{CEA7B3F6-D1F5-459E-B6C2-AF5519A688B6}.SingleImage|Mixed Platforms.Build.0 = Release|x86
		{CEA7B3F6-D1F5-459E-B6C2-AF5519A688B6}.SingleImage|x86.ActiveCfg = Release|x86
		{CEA7B3F6-D1F5-459E-B6C2-AF5519A688B6}.SingleImage|x86.Build.0 = Release|x86
		{F65C267E-7440-414D-ACDE-72AD34A17284}.CD_ROM|Any CPU.ActiveCfg = Release|Any CPU
		{F65C267E-7440-414D-ACDE-72AD34A17284}.CD_ROM|Any CPU.Build.0 = Release|Any CPU
		{F65C267E-7440-414D-ACDE-72AD34A17284}.CD_ROM|Mixed Platforms.ActiveCfg = Release|Any CPU
		{F65C267E-7440-414D-ACDE-72AD34A17284}.CD_ROM|Mixed Platforms.Build.0 = Release|Any CPU
		{F65C267E-7440-414D-ACDE-72AD34A17284}.CD_ROM|x86.ActiveCfg = Release|Any CPU
		{F65C267E-7440-414D-ACDE-72AD34A17284}.CD_ROM|x86.Build.0 = Release|Any CPU
		{F65C267E-7440-414D-ACDE-72AD34A17284}.Debug|Any CPU.ActiveCfg = Debug|Any CPU
		{F65C267E-7440-414D-ACDE-72AD34A17284}.Debug|Any CPU.Build.0 = Debug|Any CPU
		{F65C267E-7440-414D-ACDE-72AD34A17284}.Debug|Mixed Platforms.ActiveCfg = Debug|Any CPU
		{F65C267E-7440-414D-ACDE-72AD34A17284}.Debug|Mixed Platforms.Build.0 = Debug|Any CPU
		{F65C267E-7440-414D-ACDE-72AD34A17284}.Debug|x86.ActiveCfg = Debug|Any CPU
		{F65C267E-7440-414D-ACDE-72AD34A17284}.Debug|x86.Build.0 = Debug|Any CPU
		{F65C267E-7440-414D-ACDE-72AD34A17284}.DVD-5|Any CPU.ActiveCfg = Debug|Any CPU
		{F65C267E-7440-414D-ACDE-72AD34A17284}.DVD-5|Any CPU.Build.0 = Debug|Any CPU
		{F65C267E-7440-414D-ACDE-72AD34A17284}.DVD-5|Mixed Platforms.ActiveCfg = Debug|Any CPU
		{F65C267E-7440-414D-ACDE-72AD34A17284}.DVD-5|Mixed Platforms.Build.0 = Debug|Any CPU
		{F65C267E-7440-414D-ACDE-72AD34A17284}.DVD-5|x86.ActiveCfg = Debug|Any CPU
		{F65C267E-7440-414D-ACDE-72AD34A17284}.DVD-5|x86.Build.0 = Debug|Any CPU
		{F65C267E-7440-414D-ACDE-72AD34A17284}.Release|Any CPU.ActiveCfg = Release|Any CPU
		{F65C267E-7440-414D-ACDE-72AD34A17284}.Release|Any CPU.Build.0 = Release|Any CPU
		{F65C267E-7440-414D-ACDE-72AD34A17284}.Release|Mixed Platforms.ActiveCfg = Release|Any CPU
		{F65C267E-7440-414D-ACDE-72AD34A17284}.Release|Mixed Platforms.Build.0 = Release|Any CPU
		{F65C267E-7440-414D-ACDE-72AD34A17284}.Release|x86.ActiveCfg = Release|Any CPU
		{F65C267E-7440-414D-ACDE-72AD34A17284}.Release|x86.Build.0 = Release|Any CPU
		{F65C267E-7440-414D-ACDE-72AD34A17284}.SingleImage|Any CPU.ActiveCfg = Release|Any CPU
		{F65C267E-7440-414D-ACDE-72AD34A17284}.SingleImage|Any CPU.Build.0 = Release|Any CPU
		{F65C267E-7440-414D-ACDE-72AD34A17284}.SingleImage|Mixed Platforms.ActiveCfg = Release|Any CPU
		{F65C267E-7440-414D-ACDE-72AD34A17284}.SingleImage|Mixed Platforms.Build.0 = Release|Any CPU
		{F65C267E-7440-414D-ACDE-72AD34A17284}.SingleImage|x86.ActiveCfg = Release|Any CPU
		{F65C267E-7440-414D-ACDE-72AD34A17284}.SingleImage|x86.Build.0 = Release|Any CPU
		{F17B720C-1382-4EFE-88E8-38C694A49DF0}.CD_ROM|Any CPU.ActiveCfg = Release|Any CPU
		{F17B720C-1382-4EFE-88E8-38C694A49DF0}.CD_ROM|Any CPU.Build.0 = Release|Any CPU
		{F17B720C-1382-4EFE-88E8-38C694A49DF0}.CD_ROM|Mixed Platforms.ActiveCfg = Release|Any CPU
		{F17B720C-1382-4EFE-88E8-38C694A49DF0}.CD_ROM|Mixed Platforms.Build.0 = Release|Any CPU
		{F17B720C-1382-4EFE-88E8-38C694A49DF0}.CD_ROM|x86.ActiveCfg = Release|Any CPU
		{F17B720C-1382-4EFE-88E8-38C694A49DF0}.CD_ROM|x86.Build.0 = Release|Any CPU
		{F17B720C-1382-4EFE-88E8-38C694A49DF0}.Debug|Any CPU.ActiveCfg = Debug|Any CPU
		{F17B720C-1382-4EFE-88E8-38C694A49DF0}.Debug|Any CPU.Build.0 = Debug|Any CPU
		{F17B720C-1382-4EFE-88E8-38C694A49DF0}.Debug|Mixed Platforms.ActiveCfg = Debug|Any CPU
		{F17B720C-1382-4EFE-88E8-38C694A49DF0}.Debug|Mixed Platforms.Build.0 = Debug|Any CPU
		{F17B720C-1382-4EFE-88E8-38C694A49DF0}.Debug|x86.ActiveCfg = Debug|Any CPU
		{F17B720C-1382-4EFE-88E8-38C694A49DF0}.Debug|x86.Build.0 = Debug|Any CPU
		{F17B720C-1382-4EFE-88E8-38C694A49DF0}.DVD-5|Any CPU.ActiveCfg = Debug|Any CPU
		{F17B720C-1382-4EFE-88E8-38C694A49DF0}.DVD-5|Any CPU.Build.0 = Debug|Any CPU
		{F17B720C-1382-4EFE-88E8-38C694A49DF0}.DVD-5|Mixed Platforms.ActiveCfg = Debug|Any CPU
		{F17B720C-1382-4EFE-88E8-38C694A49DF0}.DVD-5|Mixed Platforms.Build.0 = Debug|Any CPU
		{F17B720C-1382-4EFE-88E8-38C694A49DF0}.DVD-5|x86.ActiveCfg = Debug|Any CPU
		{F17B720C-1382-4EFE-88E8-38C694A49DF0}.DVD-5|x86.Build.0 = Debug|Any CPU
		{F17B720C-1382-4EFE-88E8-38C694A49DF0}.Release|Any CPU.ActiveCfg = Release|Any CPU
		{F17B720C-1382-4EFE-88E8-38C694A49DF0}.Release|Any CPU.Build.0 = Release|Any CPU
		{F17B720C-1382-4EFE-88E8-38C694A49DF0}.Release|Mixed Platforms.ActiveCfg = Release|Any CPU
		{F17B720C-1382-4EFE-88E8-38C694A49DF0}.Release|Mixed Platforms.Build.0 = Release|Any CPU
		{F17B720C-1382-4EFE-88E8-38C694A49DF0}.Release|x86.ActiveCfg = Release|Any CPU
		{F17B720C-1382-4EFE-88E8-38C694A49DF0}.Release|x86.Build.0 = Release|Any CPU
		{F17B720C-1382-4EFE-88E8-38C694A49DF0}.SingleImage|Any CPU.ActiveCfg = Release|Any CPU
		{F17B720C-1382-4EFE-88E8-38C694A49DF0}.SingleImage|Any CPU.Build.0 = Release|Any CPU
		{F17B720C-1382-4EFE-88E8-38C694A49DF0}.SingleImage|Mixed Platforms.ActiveCfg = Release|Any CPU
		{F17B720C-1382-4EFE-88E8-38C694A49DF0}.SingleImage|Mixed Platforms.Build.0 = Release|Any CPU
		{F17B720C-1382-4EFE-88E8-38C694A49DF0}.SingleImage|x86.ActiveCfg = Release|Any CPU
		{F17B720C-1382-4EFE-88E8-38C694A49DF0}.SingleImage|x86.Build.0 = Release|Any CPU
		{49959307-AFE7-46CF-89B3-FD3253C58EFD}.CD_ROM|Any CPU.ActiveCfg = Release|Any CPU
		{49959307-AFE7-46CF-89B3-FD3253C58EFD}.CD_ROM|Any CPU.Build.0 = Release|Any CPU
		{49959307-AFE7-46CF-89B3-FD3253C58EFD}.CD_ROM|Mixed Platforms.ActiveCfg = Release|Any CPU
		{49959307-AFE7-46CF-89B3-FD3253C58EFD}.CD_ROM|Mixed Platforms.Build.0 = Release|Any CPU
		{49959307-AFE7-46CF-89B3-FD3253C58EFD}.CD_ROM|x86.ActiveCfg = Release|Any CPU
		{49959307-AFE7-46CF-89B3-FD3253C58EFD}.CD_ROM|x86.Build.0 = Release|Any CPU
		{49959307-AFE7-46CF-89B3-FD3253C58EFD}.Debug|Any CPU.ActiveCfg = Debug|Any CPU
		{49959307-AFE7-46CF-89B3-FD3253C58EFD}.Debug|Any CPU.Build.0 = Debug|Any CPU
		{49959307-AFE7-46CF-89B3-FD3253C58EFD}.Debug|Mixed Platforms.ActiveCfg = Debug|Any CPU
		{49959307-AFE7-46CF-89B3-FD3253C58EFD}.Debug|Mixed Platforms.Build.0 = Debug|Any CPU
		{49959307-AFE7-46CF-89B3-FD3253C58EFD}.Debug|x86.ActiveCfg = Debug|Any CPU
		{49959307-AFE7-46CF-89B3-FD3253C58EFD}.Debug|x86.Build.0 = Debug|Any CPU
		{49959307-AFE7-46CF-89B3-FD3253C58EFD}.DVD-5|Any CPU.ActiveCfg = Debug|Any CPU
		{49959307-AFE7-46CF-89B3-FD3253C58EFD}.DVD-5|Any CPU.Build.0 = Debug|Any CPU
		{49959307-AFE7-46CF-89B3-FD3253C58EFD}.DVD-5|Mixed Platforms.ActiveCfg = Debug|Any CPU
		{49959307-AFE7-46CF-89B3-FD3253C58EFD}.DVD-5|Mixed Platforms.Build.0 = Debug|Any CPU
		{49959307-AFE7-46CF-89B3-FD3253C58EFD}.DVD-5|x86.ActiveCfg = Debug|Any CPU
		{49959307-AFE7-46CF-89B3-FD3253C58EFD}.DVD-5|x86.Build.0 = Debug|Any CPU
		{49959307-AFE7-46CF-89B3-FD3253C58EFD}.Release|Any CPU.ActiveCfg = Release|Any CPU
		{49959307-AFE7-46CF-89B3-FD3253C58EFD}.Release|Any CPU.Build.0 = Release|Any CPU
		{49959307-AFE7-46CF-89B3-FD3253C58EFD}.Release|Mixed Platforms.ActiveCfg = Release|Any CPU
		{49959307-AFE7-46CF-89B3-FD3253C58EFD}.Release|Mixed Platforms.Build.0 = Release|Any CPU
		{49959307-AFE7-46CF-89B3-FD3253C58EFD}.Release|x86.ActiveCfg = Release|Any CPU
		{49959307-AFE7-46CF-89B3-FD3253C58EFD}.Release|x86.Build.0 = Release|Any CPU
		{49959307-AFE7-46CF-89B3-FD3253C58EFD}.SingleImage|Any CPU.ActiveCfg = Release|Any CPU
		{49959307-AFE7-46CF-89B3-FD3253C58EFD}.SingleImage|Any CPU.Build.0 = Release|Any CPU
		{49959307-AFE7-46CF-89B3-FD3253C58EFD}.SingleImage|Mixed Platforms.ActiveCfg = Release|Any CPU
		{49959307-AFE7-46CF-89B3-FD3253C58EFD}.SingleImage|Mixed Platforms.Build.0 = Release|Any CPU
		{49959307-AFE7-46CF-89B3-FD3253C58EFD}.SingleImage|x86.ActiveCfg = Release|Any CPU
		{49959307-AFE7-46CF-89B3-FD3253C58EFD}.SingleImage|x86.Build.0 = Release|Any CPU
		{BC4F8985-3B01-4C03-8482-30545157C2C3}.CD_ROM|Any CPU.ActiveCfg = Release|Any CPU
		{BC4F8985-3B01-4C03-8482-30545157C2C3}.CD_ROM|Any CPU.Build.0 = Release|Any CPU
		{BC4F8985-3B01-4C03-8482-30545157C2C3}.CD_ROM|Mixed Platforms.ActiveCfg = Release|Any CPU
		{BC4F8985-3B01-4C03-8482-30545157C2C3}.CD_ROM|Mixed Platforms.Build.0 = Release|Any CPU
		{BC4F8985-3B01-4C03-8482-30545157C2C3}.CD_ROM|x86.ActiveCfg = Release|Any CPU
		{BC4F8985-3B01-4C03-8482-30545157C2C3}.CD_ROM|x86.Build.0 = Release|Any CPU
		{BC4F8985-3B01-4C03-8482-30545157C2C3}.Debug|Any CPU.ActiveCfg = Debug|Any CPU
		{BC4F8985-3B01-4C03-8482-30545157C2C3}.Debug|Any CPU.Build.0 = Debug|Any CPU
		{BC4F8985-3B01-4C03-8482-30545157C2C3}.Debug|Mixed Platforms.ActiveCfg = Debug|Any CPU
		{BC4F8985-3B01-4C03-8482-30545157C2C3}.Debug|Mixed Platforms.Build.0 = Debug|Any CPU
		{BC4F8985-3B01-4C03-8482-30545157C2C3}.Debug|x86.ActiveCfg = Debug|Any CPU
		{BC4F8985-3B01-4C03-8482-30545157C2C3}.Debug|x86.Build.0 = Debug|Any CPU
		{BC4F8985-3B01-4C03-8482-30545157C2C3}.DVD-5|Any CPU.ActiveCfg = Debug|Any CPU
		{BC4F8985-3B01-4C03-8482-30545157C2C3}.DVD-5|Any CPU.Build.0 = Debug|Any CPU
		{BC4F8985-3B01-4C03-8482-30545157C2C3}.DVD-5|Mixed Platforms.ActiveCfg = Debug|Any CPU
		{BC4F8985-3B01-4C03-8482-30545157C2C3}.DVD-5|Mixed Platforms.Build.0 = Debug|Any CPU
		{BC4F8985-3B01-4C03-8482-30545157C2C3}.DVD-5|x86.ActiveCfg = Debug|Any CPU
		{BC4F8985-3B01-4C03-8482-30545157C2C3}.DVD-5|x86.Build.0 = Debug|Any CPU
		{BC4F8985-3B01-4C03-8482-30545157C2C3}.Release|Any CPU.ActiveCfg = Release|Any CPU
		{BC4F8985-3B01-4C03-8482-30545157C2C3}.Release|Any CPU.Build.0 = Release|Any CPU
		{BC4F8985-3B01-4C03-8482-30545157C2C3}.Release|Mixed Platforms.ActiveCfg = Release|Any CPU
		{BC4F8985-3B01-4C03-8482-30545157C2C3}.Release|Mixed Platforms.Build.0 = Release|Any CPU
		{BC4F8985-3B01-4C03-8482-30545157C2C3}.Release|x86.ActiveCfg = Release|Any CPU
		{BC4F8985-3B01-4C03-8482-30545157C2C3}.Release|x86.Build.0 = Release|Any CPU
		{BC4F8985-3B01-4C03-8482-30545157C2C3}.SingleImage|Any CPU.ActiveCfg = Release|Any CPU
		{BC4F8985-3B01-4C03-8482-30545157C2C3}.SingleImage|Any CPU.Build.0 = Release|Any CPU
		{BC4F8985-3B01-4C03-8482-30545157C2C3}.SingleImage|Mixed Platforms.ActiveCfg = Release|Any CPU
		{BC4F8985-3B01-4C03-8482-30545157C2C3}.SingleImage|Mixed Platforms.Build.0 = Release|Any CPU
		{BC4F8985-3B01-4C03-8482-30545157C2C3}.SingleImage|x86.ActiveCfg = Release|Any CPU
		{BC4F8985-3B01-4C03-8482-30545157C2C3}.SingleImage|x86.Build.0 = Release|Any CPU
		{7DC4242E-EB71-49D2-B5E1-B9424F989442}.CD_ROM|Any CPU.ActiveCfg = Release|Any CPU
		{7DC4242E-EB71-49D2-B5E1-B9424F989442}.CD_ROM|Any CPU.Build.0 = Release|Any CPU
		{7DC4242E-EB71-49D2-B5E1-B9424F989442}.CD_ROM|Mixed Platforms.ActiveCfg = Release|Any CPU
		{7DC4242E-EB71-49D2-B5E1-B9424F989442}.CD_ROM|Mixed Platforms.Build.0 = Release|Any CPU
		{7DC4242E-EB71-49D2-B5E1-B9424F989442}.CD_ROM|x86.ActiveCfg = Release|Any CPU
		{7DC4242E-EB71-49D2-B5E1-B9424F989442}.Debug|Any CPU.ActiveCfg = Debug|Any CPU
		{7DC4242E-EB71-49D2-B5E1-B9424F989442}.Debug|Any CPU.Build.0 = Debug|Any CPU
		{7DC4242E-EB71-49D2-B5E1-B9424F989442}.Debug|Mixed Platforms.ActiveCfg = Debug|Any CPU
		{7DC4242E-EB71-49D2-B5E1-B9424F989442}.Debug|Mixed Platforms.Build.0 = Debug|Any CPU
		{7DC4242E-EB71-49D2-B5E1-B9424F989442}.Debug|x86.ActiveCfg = Debug|Any CPU
		{7DC4242E-EB71-49D2-B5E1-B9424F989442}.DVD-5|Any CPU.ActiveCfg = Debug|Any CPU
		{7DC4242E-EB71-49D2-B5E1-B9424F989442}.DVD-5|Any CPU.Build.0 = Debug|Any CPU
		{7DC4242E-EB71-49D2-B5E1-B9424F989442}.DVD-5|Mixed Platforms.ActiveCfg = Debug|Any CPU
		{7DC4242E-EB71-49D2-B5E1-B9424F989442}.DVD-5|Mixed Platforms.Build.0 = Debug|Any CPU
		{7DC4242E-EB71-49D2-B5E1-B9424F989442}.DVD-5|x86.ActiveCfg = Debug|Any CPU
		{7DC4242E-EB71-49D2-B5E1-B9424F989442}.Release|Any CPU.ActiveCfg = Release|Any CPU
		{7DC4242E-EB71-49D2-B5E1-B9424F989442}.Release|Any CPU.Build.0 = Release|Any CPU
		{7DC4242E-EB71-49D2-B5E1-B9424F989442}.Release|Mixed Platforms.ActiveCfg = Release|Any CPU
		{7DC4242E-EB71-49D2-B5E1-B9424F989442}.Release|Mixed Platforms.Build.0 = Release|Any CPU
		{7DC4242E-EB71-49D2-B5E1-B9424F989442}.Release|x86.ActiveCfg = Release|Any CPU
		{7DC4242E-EB71-49D2-B5E1-B9424F989442}.SingleImage|Any CPU.ActiveCfg = Release|Any CPU
		{7DC4242E-EB71-49D2-B5E1-B9424F989442}.SingleImage|Any CPU.Build.0 = Release|Any CPU
		{7DC4242E-EB71-49D2-B5E1-B9424F989442}.SingleImage|Mixed Platforms.ActiveCfg = Release|Any CPU
		{7DC4242E-EB71-49D2-B5E1-B9424F989442}.SingleImage|Mixed Platforms.Build.0 = Release|Any CPU
		{7DC4242E-EB71-49D2-B5E1-B9424F989442}.SingleImage|x86.ActiveCfg = Release|Any CPU
	EndGlobalSection
	GlobalSection(SolutionProperties) = preSolution
		HideSolutionNode = FALSE
	EndGlobalSection
EndGlobal
